lockfileVersion: '9.0'

settings:
  autoInstallPeers: true
  excludeLinksFromLockfile: false

importers:

  .: {}

  backend:
    dependencies:
      '@fastify/compress':
        specifier: ^8.3.1
        version: 8.3.1
      '@fastify/cookie':
        specifier: ^11.1.2
        version: 11.1.2
      '@fastify/cors':
        specifier: ^10.1.0
        version: 10.1.0
      '@fastify/helmet':
        specifier: ^13.1.1
        version: 13.1.1
      '@fastify/rate-limit':
        specifier: ^10.3.0
        version: 10.3.0
      '@fastify/sensible':
        specifier: ^6.0.5
        version: 6.0.5
      '@fastify/swagger':
        specifier: ^9.8.1
        version: 9.8.1
      '@fastify/swagger-ui':
        specifier: ^5.2.6
        version: 5.2.6
      '@fastify/under-pressure':
        specifier: ^9.1.0
        version: 9.1.0
      bcryptjs:
        specifier: ^2.4.3
        version: 2.4.3
      close-with-grace:
        specifier: ^2.5.0
        version: 2.5.0
      dotenv:
        specifier: ^16.6.1
        version: 16.6.1
      fastify:
        specifier: ^5.12.3
        version: 5.12.3
      fastify-plugin:
        specifier: ^5.1.0
        version: 5.1.0
      fastify-type-provider-zod:
        specifier: ^4.0.2
        version: 4.0.2(fastify@5.12.3)(zod@3.25.76)
      jsonwebtoken:
        specifier: ^9.0.3
        version: 9.0.3
      libphonenumber-js:
        specifier: ^1.13.12
        version: 1.13.12
      mongodb:
        specifier: ~6.20.0
        version: 6.20.0
      mongoose:
        specifier: ^8.24.4
        version: 8.24.4
      nanoid:
        specifier: ^5.1.16
        version: 5.1.16
      otplib:
        specifier: ^12.0.1
        version: 12.0.1
      pino:
        specifier: ^9.14.0
        version: 9.14.0
      zod:
        specifier: ^3.25.76
        version: 3.25.76
    devDependencies:
      '@types/bcryptjs':
        specifier: ^2.4.6
        version: 2.4.6
      '@types/jsonwebtoken':
        specifier: ^9.0.10
        version: 9.0.10
      '@types/node':
        specifier: ^22.20.1
        version: 22.20.1
      pino-pretty:
        specifier: ^13.1.3
        version: 13.1.3
      tsx:
        specifier: ^4.23.13
        version: 4.23.13
      typescript:
        specifier: ^5.9.3
        version: 5.9.3
      vitest:
        specifier: ^2.1.9
        version: 2.1.9(@types/node@22.20.1)(lightningcss@1.33.0)

  dashboard:
    dependencies:
      '@emotion/react':
        specifier: ^11.14.0
        version: 11.14.0(@types/react@19.2.18)(react@19.2.8)
      '@emotion/styled':
        specifier: ^11.14.1
        version: 11.14.1(@emotion/react@11.14.0(@types/react@19.2.18)(react@19.2.8))(@types/react@19.2.18)(react-dom@19.2.8(react@19.2.8))(react@19.2.8)
      '@mui/material':
        specifier: ^9.4.0
        version: 9.4.0(@emotion/react@11.14.0(@types/react@19.2.18)(react@19.2.8))(@emotion/styled@11.14.1(@emotion/react@11.14.0(@types/react@19.2.18)(react@19.2.8))(@types/react@19.2.18)(react-dom@19.2.8(react@19.2.8))(react@19.2.8))(@types/react@19.2.18)(react-dom@19.2.8(react@19.2.8))(react@19.2.8)
      '@tanstack/react-query':
        specifier: ^5.95.2
        version: 5.102.8(react@19.2.8)
      axios:
        specifier: ^1.20.0
        version: 1.20.0(debug@4.4.3)
      class-variance-authority:
        specifier: ^0.7.1
        version: 0.7.1
      clsx:
        specifier: ^2.1.1
        version: 2.1.1
      libphonenumber-js:
        specifier: ^1.13.12
        version: 1.13.12
      lucide-react:
        specifier: ^1.41.0
        version: 1.41.0(react@19.2.8)
      react:
        specifier: ^19.2.8
        version: 19.2.8
      react-dom:
        specifier: ^19.2.8
        version: 19.2.8(react@19.2.8)
      react-router-dom:
        specifier: ^7.18.3
        version: 7.18.3(react-dom@19.2.8(react@19.2.8))(react@19.2.8)
      sonner:
        specifier: ^2.0.8
        version: 2.0.8(@types/react@19.2.18)(react-dom@19.2.8(react@19.2.8))(react@19.2.8)
      tailwind-merge:
        specifier: ^3.6.0
        version: 3.6.0
    devDependencies:
      '@tailwindcss/postcss':
        specifier: ^4.3.3
        version: 4.3.3
      '@types/react':
        specifier: ^19.2.18
        version: 19.2.18
      '@types/react-dom':
        specifier: ^19.2.7
        version: 19.2.7(@types/react@19.2.18)
      '@vitejs/plugin-react':
        specifier: ^6.1.1
        version: 6.1.1(vite@8.2.2(@types/node@22.20.1)(esbuild@0.28.2)(jiti@2.7.0)(tsx@4.23.13)(yaml@2.9.0))
      autoprefixer:
        specifier: ^10.5.5
        version: 10.5.5(postcss@8.5.28)
      postcss:
        specifier: ^8.5.28
        version: 8.5.28
      tailwindcss:
        specifier: ^4.3.3
        version: 4.3.3
      typescript:
        specifier: ^5.7.3
        version: 5.9.3
      vite:
        specifier: ^8.2.2
        version: 8.2.2(@types/node@22.20.1)(esbuild@0.28.2)(jiti@2.7.0)(tsx@4.23.13)(yaml@2.9.0)

packages:

  libphonenumber-js@1.13.12:
    resolution: {integrity: sha512-placeholder}
